
Microsoft Visual Studio Solution File, Format Version 12.00
# Visual Studio Version 17
VisualStudioVersion = 17.0.31612.314
MinimumVisualStudioVersion = 10.0.40219.1
Project("{FAE04EC0-301F-11D3-BF4B-00C04F79EFBC}") = "TestCSharp", "TestCSharp\TestCSharp.csproj", "{80DD33C0-48FE-4DDE-869B-0C87D52DF9DB}"
EndProject
Global
	GlobalSection(SolutionConfigurationPlatforms) = preSolution
		Debug|Any CPU = Debug|Any CPU
		Release|Any CPU = Release|Any CPU
	EndGlobalSection
	GlobalSection(ProjectConfigurationPlatforms) = postSolution
		{80DD33C0-48FE-4DDE-869B-0C87D52DF9DB}.Debug|Any CPU.ActiveCfg = Debug|Any CPU
		{80DD33C0-48FE-4DDE-869B-0C87D52DF9DB}.Debug|Any CPU.Build.0 = Debug|Any CPU
		{80DD33C0-48FE-4DDE-869B-0C87D52DF9DB}.Release|Any CPU.ActiveCfg = Release|Any CPU
		{80DD33C0-48FE-4DDE-869B-0C87D52DF9DB}.Release|Any CPU.Build.0 = Release|Any CPU
	EndGlobalSection
	GlobalSection(SolutionProperties) = preSolution
		HideSolutionNode = FALSE
	EndGlobalSection
	GlobalSection(ExtensibilityGlobals) = postSolution
		SolutionGuid = {1574D0F1-E150-4E07-BE80-DF20C1C36FC3}
	EndGlobalSection
EndGlobal
